<?xml version="1.0" encoding="UTF-8"?>
<Scheme
   LastUpgradeVersion = "1320"
   version = "1.7">
   <BuildAction
      parallelizeBuildables = "YES"
      buildImplicitDependencies = "YES">
      <BuildActionEntries>
         <BuildActionEntry
            buildForTesting = "NO"
            buildForRunning = "YES"
            buildForProfiling = "NO"
            buildForArchiving = "YES">
            <BuildableReference
               BuildableIdentifier = "primary"
               BlueprintIdentifier = "8C9E3B2A1F6E4F3B002A1B72"
               BuildableName = "MagiCAM.app"
               BlueprintName = "MagiCAM"
               ReferencedContainer = "container:./MagiCAM.xcodeproj">
            </BuildableReference>
         </BuildActionEntry>
      </BuildActionEntries>
   </BuildAction>
   <RunAction
      selectedDebuggerIdentifier = "Xcode.DebuggerFoundation.Debugger.LLDB"
      selectedLauncherIdentifier = "Xcode.DebuggerFoundation.Launcher.LLDB"
      buildConfiguration = "Debug">
      <PathRunnable>
         <PathRunnableRunnable>
         </PathRunnableRunnable>
      </PathRunnable>
   </RunAction>
</Scheme>