// !@$*UTF8*@!$!
{
	archiveVersion = 1;
	classes = {};
	objectVersion = 55;
	objects = {
		/* Begin PBXBuildFile section */
		A1 /* ARKitSender.swift in Sources */ = {isa = PBXBuildFile; fileRef = F1 /* ARKitSender.swift */; };
		A2 /* ARKitSenderApp.swift in Sources */ = {isa = PBXBuildFile; fileRef = F2 /* ARKitSenderApp.swift */; };
		A3 /* ARSessionManager.swift in Sources */ = {isa = PBXBuildFile; fileRef = F3 /* ARSessionManager.swift */; };
		A4 /* ContentView.swift in Sources */ = {isa = PBXBuildFile; fileRef = F4 /* ContentView.swift */; };
		/* End PBXBuildFile section */

		/* Begin PBXSourcesBuildPhase section */
		B1 /* Sources */ = {
			isa = PBXSourcesBuildPhase;
			buildActionMask = 2147483647;
			files = (
				A1,
				A2,
				A3,
				A4,
			);
			runOnlyForDeploymentPostprocessing = 0;
		};
		/* End PBXSourcesBuildPhase section */

		/* Begin PBXFileReference section */
		F1 /* ARKitSender.swift */ = {isa = PBXFileReference; lastKnownFileType = sourcecode.swift; path = swift/ARKitSender.swift; sourceTree = "<group>"; };
		F2 /* ARKitSenderApp.swift */ = {isa = PBXFileReference; lastKnownFileType = sourcecode.swift; path = swift/ARKitSenderApp.swift; sourceTree = "<group>"; };
		F3 /* ARSessionManager.swift */ = {isa = PBXFileReference; lastKnownFileType = sourcecode.swift; path = swift/ARSessionManager.swift; sourceTree = "<group>"; };
		F4 /* ContentView.swift */ = {isa = PBXFileReference; lastKnownFileType = sourcecode.swift; path = swift/ContentView.swift; sourceTree = "<group>"; };
		F5 /* Info.plist */ = {isa = PBXFileReference; lastKnownFileType = text.plist.xml; path = swift/Info.plist; sourceTree = "<group>"; };
		/* End PBXFileReference section */

		/* Begin PBXGroup section */
		G1 = {
			isa = PBXGroup;
			children = (
				F5,
				F3,
				F2,
				F1,
				F4,
			);
			path = "";
			sourceTree = "<group>";
		};
		/* End PBXGroup section */

		/* Begin PBXNativeTarget section */
		T1 /* MagiCAM */ = {
			isa = PBXNativeTarget;
			buildConfigurationList = C1 /* Build configuration list for PBXNativeTarget "MagiCAM" */;
			buildPhases = (
				B1,
			);
			buildRules = (
			);
			dependencies = (
			);
			name = MagiCAM;
			productName = MagiCAM;
			productReference = R1 /* MagiCAM.app */;
			productType = "com.apple.product-type.application";
		};
		/* End PBXNativeTarget section */

		/* Begin PBXProject section */
		P1 /* Project object */ = {
			isa = PBXProject;
			attributes = {
				LastUpgradeCheck = 1320;
			};
			buildConfigurationList = C2 /* Build configuration list for PBXProject "MagiCAM" */;
			compatibilityVersion = "Xcode 12.0";
			hasScannedForEncodings = 0;
			mainGroup = G1;
			projectDirPath = "";
			projectRoot = "";
			targets = (
				T1,
			);
		};
		/* End PBXProject section */

		/* Begin XCBuildConfiguration section */
		C3 /* Release */ = {isa = XCBuildConfiguration; buildSettings = { CODE_SIGNING_ALLOWED = NO; INFOPLIST_FILE = "swift/Info.plist"; PRODUCT_BUNDLE_IDENTIFIER = "com.example.MagiCAM"; IPHONEOS_DEPLOYMENT_TARGET = 14.0; SWIFT_VERSION = 5.0; PRODUCT_NAME = "MagiCAM"; }; name = Release; };
		C4 /* Debug */ = {isa = XCBuildConfiguration; buildSettings = { CODE_SIGNING_ALLOWED = NO; INFOPLIST_FILE = "swift/Info.plist"; PRODUCT_BUNDLE_IDENTIFIER = "com.example.MagiCAM"; IPHONEOS_DEPLOYMENT_TARGET = 14.0; SWIFT_VERSION = 5.0; PRODUCT_NAME = "MagiCAM"; }; name = Debug; };
		C1 /* Build configuration list for PBXNativeTarget "MagiCAM" */ = {isa = XCConfigurationList; buildConfigurations = (C4,C3); defaultConfigurationIsVisible = 0; defaultConfigurationName = Release; };
		C2 /* Build configuration list for PBXProject "MagiCAM" */ = {isa = XCConfigurationList; buildConfigurations = (C4,C3); defaultConfigurationIsVisible = 0; defaultConfigurationName = Release; };
		/* End XCBuildConfiguration section */

		/* Begin PBXReferenceProxy section */
		R1 /* MagiCAM.app */ = {isa = PBXFileReference; lastKnownFileType = wrapper.application; path = MagiCAM.app; sourceTree = BUILT_PRODUCTS_DIR; };
		/* End PBXReferenceProxy section */

	};
	rootObject = P1;
}
